
Microsoft Visual Studio Solution File, Format Version 12.00
# Visual Studio 15
VisualStudioVersion = 15.0.28307.852
MinimumVisualStudioVersion = 10.0.40219.1
Project("{FAE04EC0-301F-11D3-BF4B-00C04F79EFBC}") = "AMONIC_Airlines", "AMONIC_Airlines\AMONIC_Airlines.csproj", "{A2B4CC14-A155-448D-B2F7-6D9C25841D40}"
EndProject
Global
	GlobalSection(SolutionConfigurationPlatforms) = preSolution
		Debug|Any CPU = Debug|Any CPU
		Release|Any CPU = Release|Any CPU
	EndGlobalSection
	GlobalSection(ProjectConfigurationPlatforms) = postSolution
		{A2B4CC14-A155-448D-B2F7-6D9C25841D40}.Debug|Any CPU.ActiveCfg = Debug|Any CPU
		{A2B4CC14-A155-448D-B2F7-6D9C25841D40}.Debug|Any CPU.Build.0 = Debug|Any CPU
		{A2B4CC14-A155-448D-B2F7-6D9C25841D40}.Release|Any CPU.ActiveCfg = Release|Any CPU
		{A2B4CC14-A155-448D-B2F7-6D9C25841D40}.Release|Any CPU.Build.0 = Release|Any CPU
	EndGlobalSection
	GlobalSection(SolutionProperties) = preSolution
		HideSolutionNode = FALSE
	EndGlobalSection
	GlobalSection(ExtensibilityGlobals) = postSolution
		SolutionGuid = {5063254A-D42D-47F4-9CB0-F9F68ABC83D5}
	EndGlobalSection
EndGlobal
